<?xml version="1.0" encoding="utf-8"?>
<Project ToolsVersion="4.0" xmlns="http://schemas.microsoft.com/developer/msbuild/2003">
  <ItemGroup>
    <Filter Include="Source Files">
      <UniqueIdentifier>{4FC737F1-C7A5-4376-A066-2A32D752A2FF}</UniqueIdentifier>
      <Extensions>cpp;c;cc;cxx;def;odl;idl;hpj;bat;asm;asmx</Extensions>
    </Filter>
    <Filter Include="Header Files">
      <UniqueIdentifier>{93995380-89BD-4b04-88EB-625FBE52EBFB}</UniqueIdentifier>
      <Extensions>h;hpp;hxx;hm;inl;inc;xsd</Extensions>
    </Filter>
    <Filter Include="Resource Files">
      <UniqueIdentifier>{67DA6AB6-F800-4c08-8B7A-83BB121AAD01}</UniqueIdentifier>
      <Extensions>rc;ico;cur;bmp;dlg;rc2;rct;bin;rgs;gif;jpg;jpeg;jpe;resx;tiff;tif;png;wav;mfcribbon-ms</Extensions>
    </Filter>
    <Filter Include="Header Files\buffer">
      <UniqueIdentifier>{26fbc2c0-ff3f-46d0-bbd2-c168ecedbc27}</UniqueIdentifier>
    </Filter>
    <Filter Include="Source Files\buffer">
      <UniqueIdentifier>{b63b90a9-91e7-4ea9-8d86-31cc9b787b7c}</UniqueIdentifier>
    </Filter>
  </ItemGroup>
  <ItemGroup>
    <ClCompile Include="BoundImportDirectory.cpp">
      <Filter>Source Files</Filter>
    </ClCompile>
    <ClCompile Include="ComHeaderDirectory.cpp">
      <Filter>Source Files</Filter>
    </ClCompile>
    <ClCompile Include="DebugDirectory.cpp">
      <Filter>Source Files</Filter>
    </ClCompile>
    <ClCompile Include="ExportDirectory.cpp">
      <Filter>Source Files</Filter>
    </ClCompile>
    <ClCompile Include="IatDirectory.cpp">
      <Filter>Source Files</Filter>
    </ClCompile>
    <ClCompile Include="MzHeader.cpp">
      <Filter>Source Files</Filter>
    </ClCompile>
    <ClCompile Include="PeFile.cpp">
      <Filter>Source Files</Filter>
    </ClCompile>
    <ClCompile Include="PeHeader.cpp">
      <Filter>Source Files</Filter>
    </ClCompile>
    <ClCompile Include="PeLibAux.cpp">
      <Filter>Source Files</Filter>
    </ClCompile>
    <ClCompile Include="RelocationsDirectory.cpp">
      <Filter>Source Files</Filter>
    </ClCompile>
    <ClCompile Include="ResourceDirectory.cpp">
      <Filter>Source Files</Filter>
    </ClCompile>
    <ClCompile Include="buffer\InputBuffer.cpp">
      <Filter>Source Files\buffer</Filter>
    </ClCompile>
    <ClCompile Include="buffer\OutputBuffer.cpp">
      <Filter>Source Files\buffer</Filter>
    </ClCompile>
  </ItemGroup>
  <ItemGroup>
    <ClInclude Include="BoundImportDirectory.h">
      <Filter>Header Files</Filter>
    </ClInclude>
    <ClInclude Include="ComHeaderDirectory.h">
      <Filter>Header Files</Filter>
    </ClInclude>
    <ClInclude Include="DebugDirectory.h">
      <Filter>Header Files</Filter>
    </ClInclude>
    <ClInclude Include="ExportDirectory.h">
      <Filter>Header Files</Filter>
    </ClInclude>
    <ClInclude Include="IatDirectory.h">
      <Filter>Header Files</Filter>
    </ClInclude>
    <ClInclude Include="ImportDirectory.h">
      <Filter>Header Files</Filter>
    </ClInclude>
    <ClInclude Include="MzHeader.h">
      <Filter>Header Files</Filter>
    </ClInclude>
    <ClInclude Include="PeFile.h">
      <Filter>Header Files</Filter>
    </ClInclude>
    <ClInclude Include="PeHeader.h">
      <Filter>Header Files</Filter>
    </ClInclude>
    <ClInclude Include="PeLib.h">
      <Filter>Header Files</Filter>
    </ClInclude>
    <ClInclude Include="PeLibAux.h">
      <Filter>Header Files</Filter>
    </ClInclude>
    <ClInclude Include="PeLibInc.h">
      <Filter>Header Files</Filter>
    </ClInclude>
    <ClInclude Include="RelocationsDirectory.h">
      <Filter>Header Files</Filter>
    </ClInclude>
    <ClInclude Include="ResourceDirectory.h">
      <Filter>Header Files</Filter>
    </ClInclude>
    <ClInclude Include="TlsDirectory.h">
      <Filter>Header Files</Filter>
    </ClInclude>
    <ClInclude Include="buffer\InputBuffer.h">
      <Filter>Header Files\buffer</Filter>
    </ClInclude>
    <ClInclude Include="buffer\OutputBuffer.h">
      <Filter>Header Files\buffer</Filter>
    </ClInclude>
  </ItemGroup>
</Project>